{
  "nodes": {
    "nixpkgs": {
      "locked": {
        "lastModified": 1750506804,
        "narHash": "sha256-VLFNc4egNjovYVxDGyBYTrvVCgDYgENp5bVi9fPTDYc=",
        "owner": "NixOS",
        "repo": "nixpkgs",
        "rev": "4206c4cb56751df534751b058295ea61357bbbaa",
        "type": "github"
      },
      "original": {
        "owner": "NixOS",
        "ref": "nixos-unstable",
        "repo": "nixpkgs",
        "type": "github"
      }
    },
    "root": {
      "inputs": {
        "nixpkgs": "nixpkgs",
        "sops-nix": "sops-nix"
      }
    },
    "sops-nix": {
      "inputs": {
        "nixpkgs": [
          "nixpkgs"
        ]
      },
      "locked": {
        "lastModified": 1748701231,
        "narHash": "sha256-x5vLk1c8iIJSCTJ6IUzgNu/RYVvLxkBEoBOmrHVE6ao=",
        "owner": "NovaViper",
        "repo": "sops-nix",
        "rev": "187cf1369866584cb33ee712de10e4a00c14e91a",
        "type": "github"
      },
      "original": {
        "owner": "NovaViper",
        "repo": "sops-nix",
        "rev": "187cf1369866584cb33ee712de10e4a00c14e91a",
        "type": "github"
      }
    }
  },
  "root": "root",
  "version": 7
}
